
Microsoft Visual Studio Solution File, Format Version 12.00
# Visual Studio Version 17
VisualStudioVersion = 17.6.33723.286
MinimumVisualStudioVersion = 10.0.40219.1
Project("{9A19103F-16F7-4668-BE54-9A1E7A4F7556}") = "MyStore", "MyStore.csproj", "{7A36BBBF-34D2-4AA1-A465-8A6CBF5AE8D0}"
EndProject
Global
	GlobalSection(SolutionConfigurationPlatforms) = preSolution
		Debug|Any CPU = Debug|Any CPU
		Release|Any CPU = Release|Any CPU
	EndGlobalSection
	GlobalSection(ProjectConfigurationPlatforms) = postSolution
		{7A36BBBF-34D2-4AA1-A465-8A6CBF5AE8D0}.Debug|Any CPU.ActiveCfg = Debug|Any CPU
		{7A36BBBF-34D2-4AA1-A465-8A6CBF5AE8D0}.Debug|Any CPU.Build.0 = Debug|Any CPU
		{7A36BBBF-34D2-4AA1-A465-8A6CBF5AE8D0}.Release|Any CPU.ActiveCfg = Release|Any CPU
		{7A36BBBF-34D2-4AA1-A465-8A6CBF5AE8D0}.Release|Any CPU.Build.0 = Release|Any CPU
	EndGlobalSection
	GlobalSection(SolutionProperties) = preSolution
		HideSolutionNode = FALSE
	EndGlobalSection
	GlobalSection(ExtensibilityGlobals) = postSolution
		SolutionGuid = {8CE4BA06-07E2-44B0-9CA6-6292932F3C1B}
	EndGlobalSection
EndGlobal
